
Microsoft Visual Studio Solution File, Format Version 9.00
# Visual C++ Express 2005
Project("{8BC9CEB8-8B4A-11D0-8D11-00A0C91BC942}") = "KNN3 MNIST", "KNN3 MNIST.vcproj", "{E3CEB29E-40C2-488B-9405-D7530C151A87}"
EndProject
Project("{8BC9CEB8-8B4A-11D0-8D11-00A0C91BC942}") = "KNN3 MAHDBase", "..\KNN3 MAHDBase\KNN3 MAHDBase.vcproj", "{6F50EE0A-C330-4854-80F3-CD879E963CD5}"
EndProject
Global
	GlobalSection(SolutionConfigurationPlatforms) = preSolution
		Debug|Win32 = Debug|Win32
		Release|Win32 = Release|Win32
	EndGlobalSection
	GlobalSection(ProjectConfigurationPlatforms) = postSolution
		{E3CEB29E-40C2-488B-9405-D7530C151A87}.Debug|Win32.ActiveCfg = Debug|Win32
		{E3CEB29E-40C2-488B-9405-D7530C151A87}.Debug|Win32.Build.0 = Debug|Win32
		{E3CEB29E-40C2-488B-9405-D7530C151A87}.Release|Win32.ActiveCfg = Release|Win32
		{E3CEB29E-40C2-488B-9405-D7530C151A87}.Release|Win32.Build.0 = Release|Win32
		{6F50EE0A-C330-4854-80F3-CD879E963CD5}.Debug|Win32.ActiveCfg = Debug|Win32
		{6F50EE0A-C330-4854-80F3-CD879E963CD5}.Debug|Win32.Build.0 = Debug|Win32
		{6F50EE0A-C330-4854-80F3-CD879E963CD5}.Release|Win32.ActiveCfg = Release|Win32
		{6F50EE0A-C330-4854-80F3-CD879E963CD5}.Release|Win32.Build.0 = Release|Win32
	EndGlobalSection
	GlobalSection(SolutionProperties) = preSolution
		HideSolutionNode = FALSE
	EndGlobalSection
EndGlobal
