
Microsoft Visual Studio Solution File, Format Version 9.00
# Visual C++ Express 2005
Project("{8BC9CEB8-8B4A-11D0-8D11-00A0C91BC942}") = "LeNet 5 MAHDBase", "LeNet 5 MAHDBase.vcproj", "{3E4FFA72-6A68-479A-94C7-32BA0E759142}"
EndProject
Global
	GlobalSection(SolutionConfigurationPlatforms) = preSolution
		Debug|Win32 = Debug|Win32
		Release|Win32 = Release|Win32
	EndGlobalSection
	GlobalSection(ProjectConfigurationPlatforms) = postSolution
		{3E4FFA72-6A68-479A-94C7-32BA0E759142}.Debug|Win32.ActiveCfg = Debug|Win32
		{3E4FFA72-6A68-479A-94C7-32BA0E759142}.Debug|Win32.Build.0 = Debug|Win32
		{3E4FFA72-6A68-479A-94C7-32BA0E759142}.Release|Win32.ActiveCfg = Release|Win32
		{3E4FFA72-6A68-479A-94C7-32BA0E759142}.Release|Win32.Build.0 = Release|Win32
	EndGlobalSection
	GlobalSection(SolutionProperties) = preSolution
		HideSolutionNode = FALSE
	EndGlobalSection
EndGlobal
