
Microsoft Visual Studio Solution File, Format Version 9.00
# Visual C++ Express 2005
Project("{8BC9CEB8-8B4A-11D0-8D11-00A0C91BC942}") = "Linear MNIST", "Linear MNIST\Linear MNIST.vcproj", "{37657181-E146-486D-9CD2-E26BAB0BE2DE}"
EndProject
Project("{8BC9CEB8-8B4A-11D0-8D11-00A0C91BC942}") = "Linear MAHDBase", "Linear MAHDBase\Linear MAHDBase.vcproj", "{55609024-077B-4036-9EBD-639AC528C83C}"
EndProject
Project("{8BC9CEB8-8B4A-11D0-8D11-00A0C91BC942}") = "ANN MNIST", "ANN MNIST\ANN MNIST.vcproj", "{C74677A0-C2B4-4E84-B6D8-1D0FAE266709}"
EndProject
Project("{8BC9CEB8-8B4A-11D0-8D11-00A0C91BC942}") = "ANN MAHDBase", "ANN MAHDBase\ANN MAHDBase.vcproj", "{7B38FCC2-5487-4414-AD2C-7C542DA8C874}"
EndProject
Project("{8BC9CEB8-8B4A-11D0-8D11-00A0C91BC942}") = "LeNet 5 MNIST", "LeNet 5 MNIST\LeNet 5 MNIST.vcproj", "{DDFDC8A2-66E5-4FE4-806D-89923F29554A}"
EndProject
Project("{8BC9CEB8-8B4A-11D0-8D11-00A0C91BC942}") = "PCA Quadratic MNIST", "PCA Quadratic MNIST\PCA Quadratic MNIST.vcproj", "{47A3E77C-64FF-40E3-AA04-E500EC347DD0}"
EndProject
Project("{8BC9CEB8-8B4A-11D0-8D11-00A0C91BC942}") = "PCA Quadratic MAHDBase", "PCA Quadratic MAHDBase\PCA Quadratic MAHDBase.vcproj", "{2BE032E0-43D8-42FC-8CB8-7C1C95FE53EE}"
EndProject
Project("{8BC9CEB8-8B4A-11D0-8D11-00A0C91BC942}") = "PCA ANN MNIST", "PCA ANN MNIST\PCA ANN MNIST.vcproj", "{C678A58C-7E31-4F39-AC4A-F6D5023CBE06}"
EndProject
Project("{8BC9CEB8-8B4A-11D0-8D11-00A0C91BC942}") = "PCA ANN MAHDBase", "PCA ANN MAHDBase\PCA ANN MAHDBase.vcproj", "{5D4D362E-16E2-467E-A917-ADD9846B60EA}"
EndProject
Project("{8BC9CEB8-8B4A-11D0-8D11-00A0C91BC942}") = "SVM Gaussian MNIST", "SVM Gaussian MNIST\SVM Gaussian MNIST.vcproj", "{B2AF1F21-958A-4E7F-8779-2AB7E117CF2A}"
EndProject
Project("{8BC9CEB8-8B4A-11D0-8D11-00A0C91BC942}") = "SVM Gaussian MAHDBase", "SVM Gaussian MAHDBase\SVM Gaussian MAHDBase.vcproj", "{E5D345AF-2F1F-45DF-B74B-84DC72CBE5AA}"
EndProject
Project("{8BC9CEB8-8B4A-11D0-8D11-00A0C91BC942}") = "Pairwise Linear MAHDBase", "Pairwise Linear MAHDBase\Pairwise Linear MAHDBase.vcproj", "{DF2E408A-5A7D-45FB-BE46-150ADB552891}"
EndProject
Project("{8BC9CEB8-8B4A-11D0-8D11-00A0C91BC942}") = "KNN3 MNIST", "KNN3 MNIST\KNN3 MNIST.vcproj", "{E3CEB29E-40C2-488B-9405-D7530C151A87}"
EndProject
Project("{8BC9CEB8-8B4A-11D0-8D11-00A0C91BC942}") = "KNN3 MAHDBase", "KNN3 MAHDBase\KNN3 MAHDBase.vcproj", "{6F50EE0A-C330-4854-80F3-CD879E963CD5}"
EndProject
Project("{8BC9CEB8-8B4A-11D0-8D11-00A0C91BC942}") = "KNN5 MNIST", "KNN5 MNIST\KNN5 MNIST.vcproj", "{4FFC3A3E-43F4-4CC1-B527-F5AAA0ACC11B}"
EndProject
Project("{8BC9CEB8-8B4A-11D0-8D11-00A0C91BC942}") = "Finding Best Number of Hidden Units for ANN MNIST", "Finding Best Number of Hidden Units for ANN MNIST\Finding Best Number of Hidden Units for ANN MNIST.vcproj", "{2D3B364B-1AA5-478E-BA57-9CE08C1530A2}"
EndProject
Project("{8BC9CEB8-8B4A-11D0-8D11-00A0C91BC942}") = "Finding Best Number of Hidden Units for ANN MAHDBase", "Finding Best Number of Hidden Units for ANN MAHDBase\Finding Best Number of Hidden Units for ANN MAHDBase.vcproj", "{A0058BDD-FD2B-451B-AFEC-F7B8A5876593}"
EndProject
Project("{8BC9CEB8-8B4A-11D0-8D11-00A0C91BC942}") = "Finding Best Number of Hidden Units for PCA_ANN MNIST", "Finding Best Number of Hidden Units for PCA_ANN MNIST\Finding Best Number of Hidden Units for PCA_ANN MNIST.vcproj", "{61CF8F69-4A59-403A-8A96-ED22EA570CF9}"
EndProject
Project("{8BC9CEB8-8B4A-11D0-8D11-00A0C91BC942}") = "Finding Best Num of Hidden Units for PCA_ANN MAHDBase", "Finding Best Num of Hidden Units for PCA_ANN MAHDBase\Finding Best Num of Hidden Units for PCA_ANN MAHDBase.vcproj", "{66D40614-B199-4235-BB71-5C782C3E2F83}"
EndProject
Project("{8BC9CEB8-8B4A-11D0-8D11-00A0C91BC942}") = "Pairwise Linear MNIST", "Pairwise Linear MNIST\Pairwise Linear MNIST.vcproj", "{5592C34D-6500-44EF-A221-FB18BADFA866}"
EndProject
Project("{8BC9CEB8-8B4A-11D0-8D11-00A0C91BC942}") = "Parzen MNIST", "Parzen MNIST\Parzen MNIST.vcproj", "{3C97AC81-4F61-4909-93BB-EC9273051EAA}"
EndProject
Project("{8BC9CEB8-8B4A-11D0-8D11-00A0C91BC942}") = "Parzen MAHDBase", "Parzen MAHDBase\Parzen MAHDBase.vcproj", "{8DF524FF-864D-4C2D-94FD-F3861D6A4DCD}"
EndProject
Project("{8BC9CEB8-8B4A-11D0-8D11-00A0C91BC942}") = "LeNet 5 MAHDBase", "LeNet 5 MAHDBase\LeNet 5 MAHDBase.vcproj", "{3E4FFA72-6A68-479A-94C7-32BA0E759142}"
EndProject
Project("{8BC9CEB8-8B4A-11D0-8D11-00A0C91BC942}") = "KNN5 MAHDBase", "KNN5 MAHDBase\KNN5 MAHDBase.vcproj", "{7360D77D-B779-43F0-BADF-5F8EB39D3CAC}"
EndProject
Project("{8BC9CEB8-8B4A-11D0-8D11-00A0C91BC942}") = "Finding Best Variance for Parzen MNIST", "Finding Best Variance for Parzen MNIST\Finding Best Variance for Parzen MNIST.vcproj", "{E9DC38E2-80EC-4290-A1EC-C7FE412CBE3A}"
EndProject
Project("{8BC9CEB8-8B4A-11D0-8D11-00A0C91BC942}") = "Finding Best Variance for Parzen MAHDBase", "Finding Best Variance for Parzen MAHDBase\Finding Best Variance for Parzen MAHDBase.vcproj", "{A4A2A2BC-F0A0-446C-AF30-5CBD7735DBFF}"
EndProject
Project("{8BC9CEB8-8B4A-11D0-8D11-00A0C91BC942}") = "OVO SVM Gaussian MNIST", "OVO SVM Gaussian MNIST\OVO SVM Gaussian MNIST.vcproj", "{EDFA7803-0E4A-443D-8483-8FAE98013A8E}"
EndProject
Project("{8BC9CEB8-8B4A-11D0-8D11-00A0C91BC942}") = "OVO SVM Gaussian MADBase", "OVO SVM Gaussian MADBase\OVO SVM Gaussian MADBase.vcproj", "{8D3FF4EA-F8C9-4FCD-B588-C6A8B160FEF5}"
EndProject
Project("{8BC9CEB8-8B4A-11D0-8D11-00A0C91BC942}") = "OVO Linear SVM MNIST", "OVO Linear SVM MNIST\OVO Linear SVM MNIST.vcproj", "{D4A7F584-469B-4156-A0BF-7CC89F6BD852}"
EndProject
Project("{8BC9CEB8-8B4A-11D0-8D11-00A0C91BC942}") = "OVO Linear SVM MADBase", "OVO Linear SVM MADBase\OVO Linear SVM MADBase.vcproj", "{576AFC2A-A597-4BBD-864F-D10133F3D01D}"
EndProject
Global
	GlobalSection(SolutionConfigurationPlatforms) = preSolution
		Debug|Win32 = Debug|Win32
		Release|Win32 = Release|Win32
	EndGlobalSection
	GlobalSection(ProjectConfigurationPlatforms) = postSolution
		{37657181-E146-486D-9CD2-E26BAB0BE2DE}.Debug|Win32.ActiveCfg = Debug|Win32
		{37657181-E146-486D-9CD2-E26BAB0BE2DE}.Debug|Win32.Build.0 = Debug|Win32
		{37657181-E146-486D-9CD2-E26BAB0BE2DE}.Release|Win32.ActiveCfg = Release|Win32
		{37657181-E146-486D-9CD2-E26BAB0BE2DE}.Release|Win32.Build.0 = Release|Win32
		{55609024-077B-4036-9EBD-639AC528C83C}.Debug|Win32.ActiveCfg = Debug|Win32
		{55609024-077B-4036-9EBD-639AC528C83C}.Debug|Win32.Build.0 = Debug|Win32
		{55609024-077B-4036-9EBD-639AC528C83C}.Release|Win32.ActiveCfg = Release|Win32
		{55609024-077B-4036-9EBD-639AC528C83C}.Release|Win32.Build.0 = Release|Win32
		{C74677A0-C2B4-4E84-B6D8-1D0FAE266709}.Debug|Win32.ActiveCfg = Debug|Win32
		{C74677A0-C2B4-4E84-B6D8-1D0FAE266709}.Debug|Win32.Build.0 = Debug|Win32
		{C74677A0-C2B4-4E84-B6D8-1D0FAE266709}.Release|Win32.ActiveCfg = Release|Win32
		{C74677A0-C2B4-4E84-B6D8-1D0FAE266709}.Release|Win32.Build.0 = Release|Win32
		{7B38FCC2-5487-4414-AD2C-7C542DA8C874}.Debug|Win32.ActiveCfg = Debug|Win32
		{7B38FCC2-5487-4414-AD2C-7C542DA8C874}.Debug|Win32.Build.0 = Debug|Win32
		{7B38FCC2-5487-4414-AD2C-7C542DA8C874}.Release|Win32.ActiveCfg = Release|Win32
		{7B38FCC2-5487-4414-AD2C-7C542DA8C874}.Release|Win32.Build.0 = Release|Win32
		{DDFDC8A2-66E5-4FE4-806D-89923F29554A}.Debug|Win32.ActiveCfg = Debug|Win32
		{DDFDC8A2-66E5-4FE4-806D-89923F29554A}.Debug|Win32.Build.0 = Debug|Win32
		{DDFDC8A2-66E5-4FE4-806D-89923F29554A}.Release|Win32.ActiveCfg = Release|Win32
		{DDFDC8A2-66E5-4FE4-806D-89923F29554A}.Release|Win32.Build.0 = Release|Win32
		{47A3E77C-64FF-40E3-AA04-E500EC347DD0}.Debug|Win32.ActiveCfg = Debug|Win32
		{47A3E77C-64FF-40E3-AA04-E500EC347DD0}.Debug|Win32.Build.0 = Debug|Win32
		{47A3E77C-64FF-40E3-AA04-E500EC347DD0}.Release|Win32.ActiveCfg = Release|Win32
		{47A3E77C-64FF-40E3-AA04-E500EC347DD0}.Release|Win32.Build.0 = Release|Win32
		{2BE032E0-43D8-42FC-8CB8-7C1C95FE53EE}.Debug|Win32.ActiveCfg = Debug|Win32
		{2BE032E0-43D8-42FC-8CB8-7C1C95FE53EE}.Debug|Win32.Build.0 = Debug|Win32
		{2BE032E0-43D8-42FC-8CB8-7C1C95FE53EE}.Release|Win32.ActiveCfg = Release|Win32
		{2BE032E0-43D8-42FC-8CB8-7C1C95FE53EE}.Release|Win32.Build.0 = Release|Win32
		{C678A58C-7E31-4F39-AC4A-F6D5023CBE06}.Debug|Win32.ActiveCfg = Debug|Win32
		{C678A58C-7E31-4F39-AC4A-F6D5023CBE06}.Debug|Win32.Build.0 = Debug|Win32
		{C678A58C-7E31-4F39-AC4A-F6D5023CBE06}.Release|Win32.ActiveCfg = Release|Win32
		{C678A58C-7E31-4F39-AC4A-F6D5023CBE06}.Release|Win32.Build.0 = Release|Win32
		{5D4D362E-16E2-467E-A917-ADD9846B60EA}.Debug|Win32.ActiveCfg = Debug|Win32
		{5D4D362E-16E2-467E-A917-ADD9846B60EA}.Debug|Win32.Build.0 = Debug|Win32
		{5D4D362E-16E2-467E-A917-ADD9846B60EA}.Release|Win32.ActiveCfg = Release|Win32
		{5D4D362E-16E2-467E-A917-ADD9846B60EA}.Release|Win32.Build.0 = Release|Win32
		{B2AF1F21-958A-4E7F-8779-2AB7E117CF2A}.Debug|Win32.ActiveCfg = Debug|Win32
		{B2AF1F21-958A-4E7F-8779-2AB7E117CF2A}.Debug|Win32.Build.0 = Debug|Win32
		{B2AF1F21-958A-4E7F-8779-2AB7E117CF2A}.Release|Win32.ActiveCfg = Release|Win32
		{B2AF1F21-958A-4E7F-8779-2AB7E117CF2A}.Release|Win32.Build.0 = Release|Win32
		{E5D345AF-2F1F-45DF-B74B-84DC72CBE5AA}.Debug|Win32.ActiveCfg = Debug|Win32
		{E5D345AF-2F1F-45DF-B74B-84DC72CBE5AA}.Debug|Win32.Build.0 = Debug|Win32
		{E5D345AF-2F1F-45DF-B74B-84DC72CBE5AA}.Release|Win32.ActiveCfg = Release|Win32
		{E5D345AF-2F1F-45DF-B74B-84DC72CBE5AA}.Release|Win32.Build.0 = Release|Win32
		{DF2E408A-5A7D-45FB-BE46-150ADB552891}.Debug|Win32.ActiveCfg = Debug|Win32
		{DF2E408A-5A7D-45FB-BE46-150ADB552891}.Debug|Win32.Build.0 = Debug|Win32
		{DF2E408A-5A7D-45FB-BE46-150ADB552891}.Release|Win32.ActiveCfg = Release|Win32
		{DF2E408A-5A7D-45FB-BE46-150ADB552891}.Release|Win32.Build.0 = Release|Win32
		{E3CEB29E-40C2-488B-9405-D7530C151A87}.Debug|Win32.ActiveCfg = Debug|Win32
		{E3CEB29E-40C2-488B-9405-D7530C151A87}.Debug|Win32.Build.0 = Debug|Win32
		{E3CEB29E-40C2-488B-9405-D7530C151A87}.Release|Win32.ActiveCfg = Release|Win32
		{E3CEB29E-40C2-488B-9405-D7530C151A87}.Release|Win32.Build.0 = Release|Win32
		{6F50EE0A-C330-4854-80F3-CD879E963CD5}.Debug|Win32.ActiveCfg = Debug|Win32
		{6F50EE0A-C330-4854-80F3-CD879E963CD5}.Debug|Win32.Build.0 = Debug|Win32
		{6F50EE0A-C330-4854-80F3-CD879E963CD5}.Release|Win32.ActiveCfg = Release|Win32
		{6F50EE0A-C330-4854-80F3-CD879E963CD5}.Release|Win32.Build.0 = Release|Win32
		{4FFC3A3E-43F4-4CC1-B527-F5AAA0ACC11B}.Debug|Win32.ActiveCfg = Debug|Win32
		{4FFC3A3E-43F4-4CC1-B527-F5AAA0ACC11B}.Debug|Win32.Build.0 = Debug|Win32
		{4FFC3A3E-43F4-4CC1-B527-F5AAA0ACC11B}.Release|Win32.ActiveCfg = Release|Win32
		{4FFC3A3E-43F4-4CC1-B527-F5AAA0ACC11B}.Release|Win32.Build.0 = Release|Win32
		{2D3B364B-1AA5-478E-BA57-9CE08C1530A2}.Debug|Win32.ActiveCfg = Debug|Win32
		{2D3B364B-1AA5-478E-BA57-9CE08C1530A2}.Debug|Win32.Build.0 = Debug|Win32
		{2D3B364B-1AA5-478E-BA57-9CE08C1530A2}.Release|Win32.ActiveCfg = Release|Win32
		{2D3B364B-1AA5-478E-BA57-9CE08C1530A2}.Release|Win32.Build.0 = Release|Win32
		{A0058BDD-FD2B-451B-AFEC-F7B8A5876593}.Debug|Win32.ActiveCfg = Debug|Win32
		{A0058BDD-FD2B-451B-AFEC-F7B8A5876593}.Debug|Win32.Build.0 = Debug|Win32
		{A0058BDD-FD2B-451B-AFEC-F7B8A5876593}.Release|Win32.ActiveCfg = Release|Win32
		{A0058BDD-FD2B-451B-AFEC-F7B8A5876593}.Release|Win32.Build.0 = Release|Win32
		{61CF8F69-4A59-403A-8A96-ED22EA570CF9}.Debug|Win32.ActiveCfg = Debug|Win32
		{61CF8F69-4A59-403A-8A96-ED22EA570CF9}.Debug|Win32.Build.0 = Debug|Win32
		{61CF8F69-4A59-403A-8A96-ED22EA570CF9}.Release|Win32.ActiveCfg = Release|Win32
		{61CF8F69-4A59-403A-8A96-ED22EA570CF9}.Release|Win32.Build.0 = Release|Win32
		{66D40614-B199-4235-BB71-5C782C3E2F83}.Debug|Win32.ActiveCfg = Debug|Win32
		{66D40614-B199-4235-BB71-5C782C3E2F83}.Debug|Win32.Build.0 = Debug|Win32
		{66D40614-B199-4235-BB71-5C782C3E2F83}.Release|Win32.ActiveCfg = Release|Win32
		{66D40614-B199-4235-BB71-5C782C3E2F83}.Release|Win32.Build.0 = Release|Win32
		{5592C34D-6500-44EF-A221-FB18BADFA866}.Debug|Win32.ActiveCfg = Debug|Win32
		{5592C34D-6500-44EF-A221-FB18BADFA866}.Debug|Win32.Build.0 = Debug|Win32
		{5592C34D-6500-44EF-A221-FB18BADFA866}.Release|Win32.ActiveCfg = Release|Win32
		{5592C34D-6500-44EF-A221-FB18BADFA866}.Release|Win32.Build.0 = Release|Win32
		{3C97AC81-4F61-4909-93BB-EC9273051EAA}.Debug|Win32.ActiveCfg = Debug|Win32
		{3C97AC81-4F61-4909-93BB-EC9273051EAA}.Debug|Win32.Build.0 = Debug|Win32
		{3C97AC81-4F61-4909-93BB-EC9273051EAA}.Release|Win32.ActiveCfg = Release|Win32
		{3C97AC81-4F61-4909-93BB-EC9273051EAA}.Release|Win32.Build.0 = Release|Win32
		{8DF524FF-864D-4C2D-94FD-F3861D6A4DCD}.Debug|Win32.ActiveCfg = Debug|Win32
		{8DF524FF-864D-4C2D-94FD-F3861D6A4DCD}.Debug|Win32.Build.0 = Debug|Win32
		{8DF524FF-864D-4C2D-94FD-F3861D6A4DCD}.Release|Win32.ActiveCfg = Release|Win32
		{8DF524FF-864D-4C2D-94FD-F3861D6A4DCD}.Release|Win32.Build.0 = Release|Win32
		{3E4FFA72-6A68-479A-94C7-32BA0E759142}.Debug|Win32.ActiveCfg = Debug|Win32
		{3E4FFA72-6A68-479A-94C7-32BA0E759142}.Debug|Win32.Build.0 = Debug|Win32
		{3E4FFA72-6A68-479A-94C7-32BA0E759142}.Release|Win32.ActiveCfg = Release|Win32
		{3E4FFA72-6A68-479A-94C7-32BA0E759142}.Release|Win32.Build.0 = Release|Win32
		{7360D77D-B779-43F0-BADF-5F8EB39D3CAC}.Debug|Win32.ActiveCfg = Debug|Win32
		{7360D77D-B779-43F0-BADF-5F8EB39D3CAC}.Debug|Win32.Build.0 = Debug|Win32
		{7360D77D-B779-43F0-BADF-5F8EB39D3CAC}.Release|Win32.ActiveCfg = Release|Win32
		{7360D77D-B779-43F0-BADF-5F8EB39D3CAC}.Release|Win32.Build.0 = Release|Win32
		{E9DC38E2-80EC-4290-A1EC-C7FE412CBE3A}.Debug|Win32.ActiveCfg = Debug|Win32
		{E9DC38E2-80EC-4290-A1EC-C7FE412CBE3A}.Debug|Win32.Build.0 = Debug|Win32
		{E9DC38E2-80EC-4290-A1EC-C7FE412CBE3A}.Release|Win32.ActiveCfg = Release|Win32
		{E9DC38E2-80EC-4290-A1EC-C7FE412CBE3A}.Release|Win32.Build.0 = Release|Win32
		{A4A2A2BC-F0A0-446C-AF30-5CBD7735DBFF}.Debug|Win32.ActiveCfg = Debug|Win32
		{A4A2A2BC-F0A0-446C-AF30-5CBD7735DBFF}.Debug|Win32.Build.0 = Debug|Win32
		{A4A2A2BC-F0A0-446C-AF30-5CBD7735DBFF}.Release|Win32.ActiveCfg = Release|Win32
		{A4A2A2BC-F0A0-446C-AF30-5CBD7735DBFF}.Release|Win32.Build.0 = Release|Win32
		{EDFA7803-0E4A-443D-8483-8FAE98013A8E}.Debug|Win32.ActiveCfg = Debug|Win32
		{EDFA7803-0E4A-443D-8483-8FAE98013A8E}.Debug|Win32.Build.0 = Debug|Win32
		{EDFA7803-0E4A-443D-8483-8FAE98013A8E}.Release|Win32.ActiveCfg = Release|Win32
		{EDFA7803-0E4A-443D-8483-8FAE98013A8E}.Release|Win32.Build.0 = Release|Win32
		{8D3FF4EA-F8C9-4FCD-B588-C6A8B160FEF5}.Debug|Win32.ActiveCfg = Debug|Win32
		{8D3FF4EA-F8C9-4FCD-B588-C6A8B160FEF5}.Debug|Win32.Build.0 = Debug|Win32
		{8D3FF4EA-F8C9-4FCD-B588-C6A8B160FEF5}.Release|Win32.ActiveCfg = Release|Win32
		{8D3FF4EA-F8C9-4FCD-B588-C6A8B160FEF5}.Release|Win32.Build.0 = Release|Win32
		{D4A7F584-469B-4156-A0BF-7CC89F6BD852}.Debug|Win32.ActiveCfg = Debug|Win32
		{D4A7F584-469B-4156-A0BF-7CC89F6BD852}.Debug|Win32.Build.0 = Debug|Win32
		{D4A7F584-469B-4156-A0BF-7CC89F6BD852}.Release|Win32.ActiveCfg = Release|Win32
		{D4A7F584-469B-4156-A0BF-7CC89F6BD852}.Release|Win32.Build.0 = Release|Win32
		{576AFC2A-A597-4BBD-864F-D10133F3D01D}.Debug|Win32.ActiveCfg = Debug|Win32
		{576AFC2A-A597-4BBD-864F-D10133F3D01D}.Debug|Win32.Build.0 = Debug|Win32
		{576AFC2A-A597-4BBD-864F-D10133F3D01D}.Release|Win32.ActiveCfg = Release|Win32
		{576AFC2A-A597-4BBD-864F-D10133F3D01D}.Release|Win32.Build.0 = Release|Win32
	EndGlobalSection
	GlobalSection(SolutionProperties) = preSolution
		HideSolutionNode = FALSE
	EndGlobalSection
EndGlobal
